
Microsoft Visual Studio Solution File, Format Version 12.00
# Visual Studio Version 16
VisualStudioVersion = 16.0.29123.88
MinimumVisualStudioVersion = 10.0.40219.1
Project("{9A19103F-16F7-4668-BE54-9A1E7A4F7556}") = "EntityFrameworkCoreProject", "EntityFrameworkCoreProject\EntityFrameworkCoreProject.csproj", "{080C3922-CD76-40F4-A518-3AD8C032700B}"
EndProject
Project("{FAE04EC0-301F-11D3-BF4B-00C04F79EFBC}") = "TestEducationProject", "TestEducationProject\TestEducationProject.csproj", "{3A28ED4E-38CC-447A-B031-F037FC7FA710}"
EndProject
Global
	GlobalSection(SolutionConfigurationPlatforms) = preSolution
		Debug|Any CPU = Debug|Any CPU
		Release|Any CPU = Release|Any CPU
	EndGlobalSection
	GlobalSection(ProjectConfigurationPlatforms) = postSolution
		{080C3922-CD76-40F4-A518-3AD8C032700B}.Debug|Any CPU.ActiveCfg = Debug|Any CPU
		{080C3922-CD76-40F4-A518-3AD8C032700B}.Debug|Any CPU.Build.0 = Debug|Any CPU
		{080C3922-CD76-40F4-A518-3AD8C032700B}.Release|Any CPU.ActiveCfg = Release|Any CPU
		{080C3922-CD76-40F4-A518-3AD8C032700B}.Release|Any CPU.Build.0 = Release|Any CPU
		{3A28ED4E-38CC-447A-B031-F037FC7FA710}.Debug|Any CPU.ActiveCfg = Debug|Any CPU
		{3A28ED4E-38CC-447A-B031-F037FC7FA710}.Debug|Any CPU.Build.0 = Debug|Any CPU
		{3A28ED4E-38CC-447A-B031-F037FC7FA710}.Release|Any CPU.ActiveCfg = Release|Any CPU
		{3A28ED4E-38CC-447A-B031-F037FC7FA710}.Release|Any CPU.Build.0 = Release|Any CPU
	EndGlobalSection
	GlobalSection(SolutionProperties) = preSolution
		HideSolutionNode = FALSE
	EndGlobalSection
	GlobalSection(ExtensibilityGlobals) = postSolution
		SolutionGuid = {5B5312DC-6AB3-4F4F-B63A-950CD026C29F}
	EndGlobalSection
EndGlobal
